
Microsoft Visual Studio Solution File, Format Version 12.00
# Visual Studio 15
VisualStudioVersion = 15.0.27703.2026
MinimumVisualStudioVersion = 10.0.40219.1
Project("{FAE04EC0-301F-11D3-BF4B-00C04F79EFBC}") = "GitLocks", "GitLocks\GitLocks.csproj", "{4ED4C78B-2408-4FA7-A940-9474525E4669}"
EndProject
Project("{FAE04EC0-301F-11D3-BF4B-00C04F79EFBC}") = "GitLocks.Tests", "GitLocks.Tests\GitLocks.Tests.csproj", "{942FD333-5E16-4927-8D64-D734AE188A52}"
EndProject
Global
	GlobalSection(SolutionConfigurationPlatforms) = preSolution
		Debug|Any CPU = Debug|Any CPU
		Release|Any CPU = Release|Any CPU
	EndGlobalSection
	GlobalSection(ProjectConfigurationPlatforms) = postSolution
		{4ED4C78B-2408-4FA7-A940-9474525E4669}.Debug|Any CPU.ActiveCfg = Debug|Any CPU
		{4ED4C78B-2408-4FA7-A940-9474525E4669}.Debug|Any CPU.Build.0 = Debug|Any CPU
		{4ED4C78B-2408-4FA7-A940-9474525E4669}.Release|Any CPU.ActiveCfg = Release|Any CPU
		{4ED4C78B-2408-4FA7-A940-9474525E4669}.Release|Any CPU.Build.0 = Release|Any CPU
		{942FD333-5E16-4927-8D64-D734AE188A52}.Debug|Any CPU.ActiveCfg = Debug|Any CPU
		{942FD333-5E16-4927-8D64-D734AE188A52}.Debug|Any CPU.Build.0 = Debug|Any CPU
		{942FD333-5E16-4927-8D64-D734AE188A52}.Release|Any CPU.ActiveCfg = Release|Any CPU
		{942FD333-5E16-4927-8D64-D734AE188A52}.Release|Any CPU.Build.0 = Release|Any CPU
	EndGlobalSection
	GlobalSection(SolutionProperties) = preSolution
		HideSolutionNode = FALSE
	EndGlobalSection
	GlobalSection(ExtensibilityGlobals) = postSolution
		SolutionGuid = {92FD3AD6-BB98-48DF-ADDF-A3BBFDD8F8D0}
	EndGlobalSection
EndGlobal
